
Microsoft Visual Studio Solution File, Format Version 12.00
# Visual Studio Version 17
VisualStudioVersion = 17.1.32421.90
MinimumVisualStudioVersion = 10.0.40219.1
Project("{9A19103F-16F7-4668-BE54-9A1E7A4F7556}") = "CleanArchitecture.API", "CleanArchitecture.API\CleanArchitecture.API.csproj", "{CEC53E1D-DBB1-46CB-9442-2A4F1A8B91A9}"
EndProject
Project("{FAE04EC0-301F-11D3-BF4B-00C04F79EFBC}") = "CleanArchitecture.Application", "CleanArchitecture.Application\CleanArchitecture.Application.csproj", "{6F26B86D-DD54-47A1-94EE-C791BE1A6641}"
EndProject
Project("{FAE04EC0-301F-11D3-BF4B-00C04F79EFBC}") = "CleanArchitecture.Domain", "CleanArchitecture.Domain\CleanArchitecture.Domain.csproj", "{5DF27072-3B2D-477A-BB29-BA4D14AF1BFF}"
EndProject
Project("{FAE04EC0-301F-11D3-BF4B-00C04F79EFBC}") = "CleanArchitecture.Infrastructure", "CleanArchitecture.Infrastructure\CleanArchitecture.Infrastructure.csproj", "{353B3D6A-9634-40A1-8347-0E77C24AF591}"
EndProject
Project("{2150E333-8FDC-42A3-9474-1A3956D46DE8}") = "Solution Items", "Solution Items", "{4F82B575-F4DA-4528-ADFC-D853F1454FAF}"
	ProjectSection(SolutionItems) = preProject
		.editorconfig = .editorconfig
	EndProjectSection
EndProject
Global
	GlobalSection(SolutionConfigurationPlatforms) = preSolution
		Debug|Any CPU = Debug|Any CPU
		Release|Any CPU = Release|Any CPU
	EndGlobalSection
	GlobalSection(ProjectConfigurationPlatforms) = postSolution
		{CEC53E1D-DBB1-46CB-9442-2A4F1A8B91A9}.Debug|Any CPU.ActiveCfg = Debug|Any CPU
		{CEC53E1D-DBB1-46CB-9442-2A4F1A8B91A9}.Debug|Any CPU.Build.0 = Debug|Any CPU
		{CEC53E1D-DBB1-46CB-9442-2A4F1A8B91A9}.Release|Any CPU.ActiveCfg = Release|Any CPU
		{CEC53E1D-DBB1-46CB-9442-2A4F1A8B91A9}.Release|Any CPU.Build.0 = Release|Any CPU
		{6F26B86D-DD54-47A1-94EE-C791BE1A6641}.Debug|Any CPU.ActiveCfg = Debug|Any CPU
		{6F26B86D-DD54-47A1-94EE-C791BE1A6641}.Debug|Any CPU.Build.0 = Debug|Any CPU
		{6F26B86D-DD54-47A1-94EE-C791BE1A6641}.Release|Any CPU.ActiveCfg = Release|Any CPU
		{6F26B86D-DD54-47A1-94EE-C791BE1A6641}.Release|Any CPU.Build.0 = Release|Any CPU
		{5DF27072-3B2D-477A-BB29-BA4D14AF1BFF}.Debug|Any CPU.ActiveCfg = Debug|Any CPU
		{5DF27072-3B2D-477A-BB29-BA4D14AF1BFF}.Debug|Any CPU.Build.0 = Debug|Any CPU
		{5DF27072-3B2D-477A-BB29-BA4D14AF1BFF}.Release|Any CPU.ActiveCfg = Release|Any CPU
		{5DF27072-3B2D-477A-BB29-BA4D14AF1BFF}.Release|Any CPU.Build.0 = Release|Any CPU
		{353B3D6A-9634-40A1-8347-0E77C24AF591}.Debug|Any CPU.ActiveCfg = Debug|Any CPU
		{353B3D6A-9634-40A1-8347-0E77C24AF591}.Debug|Any CPU.Build.0 = Debug|Any CPU
		{353B3D6A-9634-40A1-8347-0E77C24AF591}.Release|Any CPU.ActiveCfg = Release|Any CPU
		{353B3D6A-9634-40A1-8347-0E77C24AF591}.Release|Any CPU.Build.0 = Release|Any CPU
	EndGlobalSection
	GlobalSection(SolutionProperties) = preSolution
		HideSolutionNode = FALSE
	EndGlobalSection
	GlobalSection(ExtensibilityGlobals) = postSolution
		SolutionGuid = {BAAB778A-3ABF-477D-BC0E-B3F248C6F111}
	EndGlobalSection
EndGlobal
